
Microsoft Visual Studio Solution File, Format Version 12.00
# Visual Studio 15
VisualStudioVersion = 15.0.28307.2017
MinimumVisualStudioVersion = 10.0.40219.1
Project("{FAE04EC0-301F-11D3-BF4B-00C04F79EFBC}") = "00-solve-me-first", "00-solve-me-first\00-solve-me-first.csproj", "{EE266B00-C643-4C8A-A89A-821F9571E452}"
EndProject
Project("{2150E333-8FDC-42A3-9474-1A3956D46DE8}") = "Solution Items", "Solution Items", "{547EF4EE-BE2D-4DAC-818B-48057EB38F5C}"
	ProjectSection(SolutionItems) = preProject
		.gitignore = .gitignore
	EndProjectSection
EndProject
Project("{FAE04EC0-301F-11D3-BF4B-00C04F79EFBC}") = "01-simple-array-sum", "01-simple-array-sum\01-simple-array-sum.csproj", "{E2DEE12A-DCE9-4439-BEC8-C4E5D2A8CD3F}"
EndProject
Project("{FAE04EC0-301F-11D3-BF4B-00C04F79EFBC}") = "03-compare-triplets", "03-compare-triplets\03-compare-triplets.csproj", "{2FFFF54E-C2F9-4FC2-AA5C-A4B7B1556E12}"
EndProject
Global
	GlobalSection(SolutionConfigurationPlatforms) = preSolution
		Debug|Any CPU = Debug|Any CPU
		Release|Any CPU = Release|Any CPU
	EndGlobalSection
	GlobalSection(ProjectConfigurationPlatforms) = postSolution
		{EE266B00-C643-4C8A-A89A-821F9571E452}.Debug|Any CPU.ActiveCfg = Debug|Any CPU
		{EE266B00-C643-4C8A-A89A-821F9571E452}.Debug|Any CPU.Build.0 = Debug|Any CPU
		{EE266B00-C643-4C8A-A89A-821F9571E452}.Release|Any CPU.ActiveCfg = Release|Any CPU
		{EE266B00-C643-4C8A-A89A-821F9571E452}.Release|Any CPU.Build.0 = Release|Any CPU
		{E2DEE12A-DCE9-4439-BEC8-C4E5D2A8CD3F}.Debug|Any CPU.ActiveCfg = Debug|Any CPU
		{E2DEE12A-DCE9-4439-BEC8-C4E5D2A8CD3F}.Debug|Any CPU.Build.0 = Debug|Any CPU
		{E2DEE12A-DCE9-4439-BEC8-C4E5D2A8CD3F}.Release|Any CPU.ActiveCfg = Release|Any CPU
		{E2DEE12A-DCE9-4439-BEC8-C4E5D2A8CD3F}.Release|Any CPU.Build.0 = Release|Any CPU
		{2FFFF54E-C2F9-4FC2-AA5C-A4B7B1556E12}.Debug|Any CPU.ActiveCfg = Debug|Any CPU
		{2FFFF54E-C2F9-4FC2-AA5C-A4B7B1556E12}.Debug|Any CPU.Build.0 = Debug|Any CPU
		{2FFFF54E-C2F9-4FC2-AA5C-A4B7B1556E12}.Release|Any CPU.ActiveCfg = Release|Any CPU
		{2FFFF54E-C2F9-4FC2-AA5C-A4B7B1556E12}.Release|Any CPU.Build.0 = Release|Any CPU
	EndGlobalSection
	GlobalSection(SolutionProperties) = preSolution
		HideSolutionNode = FALSE
	EndGlobalSection
	GlobalSection(ExtensibilityGlobals) = postSolution
		SolutionGuid = {C1DA2C00-7DC3-4DAB-A395-97C9590CF563}
	EndGlobalSection
EndGlobal
